// !$*UTF8*$!
{
	archiveVersion = 1;
	classes = {
	};
	objectVersion = 50;
	objects = {

/* Begin PBXBuildFile section */
		9AFC00A6264AD78A00865E82 /* AppDelegate.swift in Sources */ = {isa = PBXBuildFile; fileRef = 9AFC00A5264AD78A00865E82 /* AppDelegate.swift */; };
		9AFC00A8264AD78A00865E82 /* SceneDelegate.swift in Sources */ = {isa = PBXBuildFile; fileRef = 9AFC00A7264AD78A00865E82 /* SceneDelegate.swift */; };
		9AFC00AA264AD78A00865E82 /* ViewController.swift in Sources */ = {isa = PBXBuildFile; fileRef = 9AFC00A9264AD78A00865E82 /* ViewController.swift */; };
		9AFC00AD264AD78A00865E82 /* Main.storyboard in Resources */ = {isa = PBXBuildFile; fileRef = 9AFC00AB264AD78A00865E82 /* Main.storyboard */; };
		9AFC00B0264AD78A00865E82 /* NivaroApp.xcdatamodeld in Sources */ = {isa = PBXBuildFile; fileRef = 9AFC00AE264AD78A00865E82 /* NivaroApp.xcdatamodeld */; };
		9AFC00B2264AD78C00865E82 /* Assets.xcassets in Resources */ = {isa = PBXBuildFile; fileRef = 9AFC00B1264AD78C00865E82 /* Assets.xcassets */; };
		9AFC00B5264AD78C00865E82 /* LaunchScreen.storyboard in Resources */ = {isa = PBXBuildFile; fileRef = 9AFC00B3264AD78C00865E82 /* LaunchScreen.storyboard */; };
		9AFC00C0264AD78C00865E82 /* NivaroAppTests.swift in Sources */ = {isa = PBXBuildFile; fileRef = 9AFC00BF264AD78C00865E82 /* NivaroAppTests.swift */; };
		9AFC00CB264AD78D00865E82 /* NivaroAppUITests.swift in Sources */ = {isa = PBXBuildFile; fileRef = 9AFC00CA264AD78D00865E82 /* NivaroAppUITests.swift */; };
/* End PBXBuildFile section */

/* Begin PBXContainerItemProxy section */
		9AFC00BC264AD78C00865E82 /* PBXContainerItemProxy */ = {
			isa = PBXContainerItemProxy;
			containerPortal = 9AFC009A264AD78A00865E82 /* Project object */;
			proxyType = 1;
			remoteGlobalIDString = 9AFC00A1264AD78A00865E82;
			remoteInfo = NivaroApp;
		};
		9AFC00C7264AD78D00865E82 /* PBXContainerItemProxy */ = {
			isa = PBXContainerItemProxy;
			containerPortal = 9AFC009A264AD78A00865E82 /* Project object */;
			proxyType = 1;
			remoteGlobalIDString = 9AFC00A1264AD78A00865E82;
			remoteInfo = NivaroApp;
		};
/* End PBXContainerItemProxy section */

/* Begin PBXFileReference section */
		9AFC00A2264AD78A00865E82 /* NivaroApp.app */ = {isa = PBXFileReference; explicitFileType = wrapper.application; includeInIndex = 0; path = NivaroApp.app; sourceTree = BUILT_PRODUCTS_DIR; };
		9AFC00A5264AD78A00865E82 /* AppDelegate.swift */ = {isa = PBXFileReference; lastKnownFileType = sourcecode.swift; path = AppDelegate.swift; sourceTree = "<group>"; };
		9AFC00A7264AD78A00865E82 /* SceneDelegate.swift */ = {isa = PBXFileReference; lastKnownFileType = sourcecode.swift; path = SceneDelegate.swift; sourceTree = "<group>"; };
		9AFC00A9264AD78A00865E82 /* ViewController.swift */ = {isa = PBXFileReference; lastKnownFileType = sourcecode.swift; path = ViewController.swift; sourceTree = "<group>"; };
		9AFC00AC264AD78A00865E82 /* Base */ = {isa = PBXFileReference; lastKnownFileType = file.storyboard; name = Base; path = Base.lproj/Main.storyboard; sourceTree = "<group>"; };
		9AFC00AF264AD78A00865E82 /* NivaroApp.xcdatamodel */ = {isa = PBXFileReference; lastKnownFileType = wrapper.xcdatamodel; path = NivaroApp.xcdatamodel; sourceTree = "<group>"; };
		9AFC00B1264AD78C00865E82 /* Assets.xcassets */ = {isa = PBXFileReference; lastKnownFileType = folder.assetcatalog; path = Assets.xcassets; sourceTree = "<group>"; };
		9AFC00B4264AD78C00865E82 /* Base */ = {isa = PBXFileReference; lastKnownFileType = file.storyboard; name = Base; path = Base.lproj/LaunchScreen.storyboard; sourceTree = "<group>"; };
		9AFC00B6264AD78C00865E82 /* Info.plist */ = {isa = PBXFileReference; lastKnownFileType = text.plist.xml; path = Info.plist; sourceTree = "<group>"; };
		9AFC00BB264AD78C00865E82 /* NivaroAppTests.xctest */ = {isa = PBXFileReference; explicitFileType = wrapper.cfbundle; includeInIndex = 0; path = NivaroAppTests.xctest; sourceTree = BUILT_PRODUCTS_DIR; };
		9AFC00BF264AD78C00865E82 /* NivaroAppTests.swift */ = {isa = PBXFileReference; lastKnownFileType = sourcecode.swift; path = NivaroAppTests.swift; sourceTree = "<group>"; };
		9AFC00C1264AD78D00865E82 /* Info.plist */ = {isa = PBXFileReference; lastKnownFileType = text.plist.xml; path = Info.plist; sourceTree = "<group>"; };
		9AFC00C6264AD78D00865E82 /* NivaroAppUITests.xctest */ = {isa = PBXFileReference; explicitFileType = wrapper.cfbundle; includeInIndex = 0; path = NivaroAppUITests.xctest; sourceTree = BUILT_PRODUCTS_DIR; };
		9AFC00CA264AD78D00865E82 /* NivaroAppUITests.swift */ = {isa = PBXFileReference; lastKnownFileType = sourcecode.swift; path = NivaroAppUITests.swift; sourceTree = "<group>"; };
		9AFC00CC264AD78D00865E82 /* Info.plist */ = {isa = PBXFileReference; lastKnownFileType = text.plist.xml; path = Info.plist; sourceTree = "<group>"; };
/* End PBXFileReference section */

/* Begin PBXFrameworksBuildPhase section */
		9AFC009F264AD78A00865E82 /* Frameworks */ = {
			isa = PBXFrameworksBuildPhase;
			buildActionMask = 2147483647;
			files = (
			);
			runOnlyForDeploymentPostprocessing = 0;
		};
		9AFC00B8264AD78C00865E82 /* Frameworks */ = {
			isa = PBXFrameworksBuildPhase;
			buildActionMask = 2147483647;
			files = (
			);
			runOnlyForDeploymentPostprocessing = 0;
		};
		9AFC00C3264AD78D00865E82 /* Frameworks */ = {
			isa = PBXFrameworksBuildPhase;
			buildActionMask = 2147483647;
			files = (
			);
			runOnlyForDeploymentPostprocessing = 0;
		};
/* End PBXFrameworksBuildPhase section */

/* Begin PBXGroup section */
		9AFC0099264AD78A00865E82 = {
			isa = PBXGroup;
			children = (
				9AFC00A4264AD78A00865E82 /* NivaroApp */,
				9AFC00BE264AD78C00865E82 /* NivaroAppTests */,
				9AFC00C9264AD78D00865E82 /* NivaroAppUITests */,
				9AFC00A3264AD78A00865E82 /* Products */,
			);
			sourceTree = "<group>";
		};
		9AFC00A3264AD78A00865E82 /* Products */ = {
			isa = PBXGroup;
			children = (
				9AFC00A2264AD78A00865E82 /* NivaroApp.app */,
				9AFC00BB264AD78C00865E82 /* NivaroAppTests.xctest */,
				9AFC00C6264AD78D00865E82 /* NivaroAppUITests.xctest */,
			);
			name = Products;
			sourceTree = "<group>";
		};
		9AFC00A4264AD78A00865E82 /* NivaroApp */ = {
			isa = PBXGroup;
			children = (
				9AFC00A5264AD78A00865E82 /* AppDelegate.swift */,
				9AFC00A7264AD78A00865E82 /* SceneDelegate.swift */,
				9AFC00A9264AD78A00865E82 /* ViewController.swift */,
				9AFC00AB264AD78A00865E82 /* Main.storyboard */,
				9AFC00B1264AD78C00865E82 /* Assets.xcassets */,
				9AFC00B3264AD78C00865E82 /* LaunchScreen.storyboard */,
				9AFC00B6264AD78C00865E82 /* Info.plist */,
				9AFC00AE264AD78A00865E82 /* NivaroApp.xcdatamodeld */,
			);
			path = NivaroApp;
			sourceTree = "<group>";
		};
		9AFC00BE264AD78C00865E82 /* NivaroAppTests */ = {
			isa = PBXGroup;
			children = (
				9AFC00BF264AD78C00865E82 /* NivaroAppTests.swift */,
				9AFC00C1264AD78D00865E82 /* Info.plist */,
			);
			path = NivaroAppTests;
			sourceTree = "<group>";
		};
		9AFC00C9264AD78D00865E82 /* NivaroAppUITests */ = {
			isa = PBXGroup;
			children = (
				9AFC00CA264AD78D00865E82 /* NivaroAppUITests.swift */,
				9AFC00CC264AD78D00865E82 /* Info.plist */,
			);
			path = NivaroAppUITests;
			sourceTree = "<group>";
		};
/* End PBXGroup section */

/* Begin PBXNativeTarget section */
		9AFC00A1264AD78A00865E82 /* NivaroApp */ = {
			isa = PBXNativeTarget;
			buildConfigurationList = 9AFC00CF264AD78D00865E82 /* Build configuration list for PBXNativeTarget "NivaroApp" */;
			buildPhases = (
				9AFC009E264AD78A00865E82 /* Sources */,
				9AFC009F264AD78A00865E82 /* Frameworks */,
				9AFC00A0264AD78A00865E82 /* Resources */,
			);
			buildRules = (
			);
			dependencies = (
			);
			name = NivaroApp;
			productName = NivaroApp;
			productReference = 9AFC00A2264AD78A00865E82 /* NivaroApp.app */;
			productType = "com.apple.product-type.application";
		};
		9AFC00BA264AD78C00865E82 /* NivaroAppTests */ = {
			isa = PBXNativeTarget;
			buildConfigurationList = 9AFC00D2264AD78D00865E82 /* Build configuration list for PBXNativeTarget "NivaroAppTests" */;
			buildPhases = (
				9AFC00B7264AD78C00865E82 /* Sources */,
				9AFC00B8264AD78C00865E82 /* Frameworks */,
				9AFC00B9264AD78C00865E82 /* Resources */,
			);
			buildRules = (
			);
			dependencies = (
				9AFC00BD264AD78C00865E82 /* PBXTargetDependency */,
			);
			name = NivaroAppTests;
			productName = NivaroAppTests;
			productReference = 9AFC00BB264AD78C00865E82 /* NivaroAppTests.xctest */;
			productType = "com.apple.product-type.bundle.unit-test";
		};
		9AFC00C5264AD78D00865E82 /* NivaroAppUITests */ = {
			isa = PBXNativeTarget;
			buildConfigurationList = 9AFC00D5264AD78D00865E82 /* Build configuration list for PBXNativeTarget "NivaroAppUITests" */;
			buildPhases = (
				9AFC00C2264AD78D00865E82 /* Sources */,
				9AFC00C3264AD78D00865E82 /* Frameworks */,
				9AFC00C4264AD78D00865E82 /* Resources */,
			);
			buildRules = (
			);
			dependencies = (
				9AFC00C8264AD78D00865E82 /* PBXTargetDependency */,
			);
			name = NivaroAppUITests;
			productName = NivaroAppUITests;
			productReference = 9AFC00C6264AD78D00865E82 /* NivaroAppUITests.xctest */;
			productType = "com.apple.product-type.bundle.ui-testing";
		};
/* End PBXNativeTarget section */

/* Begin PBXProject section */
		9AFC009A264AD78A00865E82 /* Project object */ = {
			isa = PBXProject;
			attributes = {
				LastSwiftUpdateCheck = 1200;
				LastUpgradeCheck = 1200;
				TargetAttributes = {
					9AFC00A1264AD78A00865E82 = {
						CreatedOnToolsVersion = 12.0;
					};
					9AFC00BA264AD78C00865E82 = {
						CreatedOnToolsVersion = 12.0;
						TestTargetID = 9AFC00A1264AD78A00865E82;
					};
					9AFC00C5264AD78D00865E82 = {
						CreatedOnToolsVersion = 12.0;
						TestTargetID = 9AFC00A1264AD78A00865E82;
					};
				};
			};
			buildConfigurationList = 9AFC009D264AD78A00865E82 /* Build configuration list for PBXProject "NivaroApp" */;
			compatibilityVersion = "Xcode 9.3";
			developmentRegion = en;
			hasScannedForEncodings = 0;
			knownRegions = (
				en,
				Base,
			);
			mainGroup = 9AFC0099264AD78A00865E82;
			productRefGroup = 9AFC00A3264AD78A00865E82 /* Products */;
			projectDirPath = "";
			projectRoot = "";
			targets = (
				9AFC00A1264AD78A00865E82 /* NivaroApp */,
				9AFC00BA264AD78C00865E82 /* NivaroAppTests */,
				9AFC00C5264AD78D00865E82 /* NivaroAppUITests */,
			);
		};
/* End PBXProject section */

/* Begin PBXResourcesBuildPhase section */
		9AFC00A0264AD78A00865E82 /* Resources */ = {
			isa = PBXResourcesBuildPhase;
			buildActionMask = 2147483647;
			files = (
				9AFC00B5264AD78C00865E82 /* LaunchScreen.storyboard in Resources */,
				9AFC00B2264AD78C00865E82 /* Assets.xcassets in Resources */,
				9AFC00AD264AD78A00865E82 /* Main.storyboard in Resources */,
			);
			runOnlyForDeploymentPostprocessing = 0;
		};
		9AFC00B9264AD78C00865E82 /* Resources */ = {
			isa = PBXResourcesBuildPhase;
			buildActionMask = 2147483647;
			files = (
			);
			runOnlyForDeploymentPostprocessing = 0;
		};
		9AFC00C4264AD78D00865E82 /* Resources */ = {
			isa = PBXResourcesBuildPhase;
			buildActionMask = 2147483647;
			files = (
			);
			runOnlyForDeploymentPostprocessing = 0;
		};
/* End PBXResourcesBuildPhase section */

/* Begin PBXSourcesBuildPhase section */
		9AFC009E264AD78A00865E82 /* Sources */ = {
			isa = PBXSourcesBuildPhase;
			buildActionMask = 2147483647;
			files = (
				9AFC00AA264AD78A00865E82 /* ViewController.swift in Sources */,
				9AFC00A6264AD78A00865E82 /* AppDelegate.swift in Sources */,
				9AFC00B0264AD78A00865E82 /* NivaroApp.xcdatamodeld in Sources */,
				9AFC00A8264AD78A00865E82 /* SceneDelegate.swift in Sources */,
			);
			runOnlyForDeploymentPostprocessing = 0;
		};
		9AFC00B7264AD78C00865E82 /* Sources */ = {
			isa = PBXSourcesBuildPhase;
			buildActionMask = 2147483647;
			files = (
				9AFC00C0264AD78C00865E82 /* NivaroAppTests.swift in Sources */,
			);
			runOnlyForDeploymentPostprocessing = 0;
		};
		9AFC00C2264AD78D00865E82 /* Sources */ = {
			isa = PBXSourcesBuildPhase;
			buildActionMask = 2147483647;
			files = (
				9AFC00CB264AD78D00865E82 /* NivaroAppUITests.swift in Sources */,
			);
			runOnlyForDeploymentPostprocessing = 0;
		};
/* End PBXSourcesBuildPhase section */

/* Begin PBXTargetDependency section */
		9AFC00BD264AD78C00865E82 /* PBXTargetDependency */ = {
			isa = PBXTargetDependency;
			target = 9AFC00A1264AD78A00865E82 /* NivaroApp */;
			targetProxy = 9AFC00BC264AD78C00865E82 /* PBXContainerItemProxy */;
		};
		9AFC00C8264AD78D00865E82 /* PBXTargetDependency */ = {
			isa = PBXTargetDependency;
			target = 9AFC00A1264AD78A00865E82 /* NivaroApp */;
			targetProxy = 9AFC00C7264AD78D00865E82 /* PBXContainerItemProxy */;
		};
/* End PBXTargetDependency section */

/* Begin PBXVariantGroup section */
		9AFC00AB264AD78A00865E82 /* Main.storyboard */ = {
			isa = PBXVariantGroup;
			children = (
				9AFC00AC264AD78A00865E82 /* Base */,
			);
			name = Main.storyboard;
			sourceTree = "<group>";
		};
		9AFC00B3264AD78C00865E82 /* LaunchScreen.storyboard */ = {
			isa = PBXVariantGroup;
			children = (
				9AFC00B4264AD78C00865E82 /* Base */,
			);
			name = LaunchScreen.storyboard;
			sourceTree = "<group>";
		};
/* End PBXVariantGroup section */

/* Begin XCBuildConfiguration section */
		9AFC00CD264AD78D00865E82 /* Debug */ = {
			isa = XCBuildConfiguration;
			buildSettings = {
				ALWAYS_SEARCH_USER_PATHS = NO;
				CLANG_ANALYZER_NONNULL = YES;
				CLANG_ANALYZER_NUMBER_OBJECT_CONVERSION = YES_AGGRESSIVE;
				CLANG_CXX_LANGUAGE_STANDARD = "gnu++14";
				CLANG_CXX_LIBRARY = "libc++";
				CLANG_ENABLE_MODULES = YES;
				CLANG_ENABLE_OBJC_ARC = YES;
				CLANG_ENABLE_OBJC_WEAK = YES;
				CLANG_WARN_BLOCK_CAPTURE_AUTORELEASING = YES;
				CLANG_WARN_BOOL_CONVERSION = YES;
				CLANG_WARN_COMMA = YES;
				CLANG_WARN_CONSTANT_CONVERSION = YES;
				CLANG_WARN_DEPRECATED_OBJC_IMPLEMENTATIONS = YES;
				CLANG_WARN_DIRECT_OBJC_ISA_USAGE = YES_ERROR;
				CLANG_WARN_DOCUMENTATION_COMMENTS = YES;
				CLANG_WARN_EMPTY_BODY = YES;
				CLANG_WARN_ENUM_CONVERSION = YES;
				CLANG_WARN_INFINITE_RECURSION = YES;
				CLANG_WARN_INT_CONVERSION = YES;
				CLANG_WARN_NON_LITERAL_NULL_CONVERSION = YES;
				CLANG_WARN_OBJC_IMPLICIT_RETAIN_SELF = YES;
				CLANG_WARN_OBJC_LITERAL_CONVERSION = YES;
				CLANG_WARN_OBJC_ROOT_CLASS = YES_ERROR;
				CLANG_WARN_QUOTED_INCLUDE_IN_FRAMEWORK_HEADER = YES;
				CLANG_WARN_RANGE_LOOP_ANALYSIS = YES;
				CLANG_WARN_STRICT_PROTOTYPES = YES;
				CLANG_WARN_SUSPICIOUS_MOVE = YES;
				CLANG_WARN_UNGUARDED_AVAILABILITY = YES_AGGRESSIVE;
				CLANG_WARN_UNREACHABLE_CODE = YES;
				CLANG_WARN__DUPLICATE_METHOD_MATCH = YES;
				COPY_PHASE_STRIP = NO;
				DEBUG_INFORMATION_FORMAT = dwarf;
				ENABLE_STRICT_OBJC_MSGSEND = YES;
				ENABLE_TESTABILITY = YES;
				GCC_C_LANGUAGE_STANDARD = gnu11;
				GCC_DYNAMIC_NO_PIC = NO;
				GCC_NO_COMMON_BLOCKS = YES;
				GCC_OPTIMIZATION_LEVEL = 0;
				GCC_PREPROCESSOR_DEFINITIONS = (
					"DEBUG=1",
					"$(inherited)",
				);
				GCC_WARN_64_TO_32_BIT_CONVERSION = YES;
				GCC_WARN_ABOUT_RETURN_TYPE = YES_ERROR;
				GCC_WARN_UNDECLARED_SELECTOR = YES;
				GCC_WARN_UNINITIALIZED_AUTOS = YES_AGGRESSIVE;
				GCC_WARN_UNUSED_FUNCTION = YES;
				GCC_WARN_UNUSED_VARIABLE = YES;
				IPHONEOS_DEPLOYMENT_TARGET = 14.0;
				MTL_ENABLE_DEBUG_INFO = INCLUDE_SOURCE;
				MTL_FAST_MATH = YES;
				ONLY_ACTIVE_ARCH = YES;
				SDKROOT = iphoneos;
				SWIFT_ACTIVE_COMPILATION_CONDITIONS = DEBUG;
				SWIFT_OPTIMIZATION_LEVEL = "-Onone";
			};
			name = Debug;
		};
		9AFC00CE264AD78D00865E82 /* Release */ = {
			isa = XCBuildConfiguration;
			buildSettings = {
				ALWAYS_SEARCH_USER_PATHS = NO;
				CLANG_ANALYZER_NONNULL = YES;
				CLANG_ANALYZER_NUMBER_OBJECT_CONVERSION = YES_AGGRESSIVE;
				CLANG_CXX_LANGUAGE_STANDARD = "gnu++14";
				CLANG_CXX_LIBRARY = "libc++";
				CLANG_ENABLE_MODULES = YES;
				CLANG_ENABLE_OBJC_ARC = YES;
				CLANG_ENABLE_OBJC_WEAK = YES;
				CLANG_WARN_BLOCK_CAPTURE_AUTORELEASING = YES;
				CLANG_WARN_BOOL_CONVERSION = YES;
				CLANG_WARN_COMMA = YES;
				CLANG_WARN_CONSTANT_CONVERSION = YES;
				CLANG_WARN_DEPRECATED_OBJC_IMPLEMENTATIONS = YES;
				CLANG_WARN_DIRECT_OBJC_ISA_USAGE = YES_ERROR;
				CLANG_WARN_DOCUMENTATION_COMMENTS = YES;
				CLANG_WARN_EMPTY_BODY = YES;
				CLANG_WARN_ENUM_CONVERSION = YES;
				CLANG_WARN_INFINITE_RECURSION = YES;
				CLANG_WARN_INT_CONVERSION = YES;
				CLANG_WARN_NON_LITERAL_NULL_CONVERSION = YES;
				CLANG_WARN_OBJC_IMPLICIT_RETAIN_SELF = YES;
				CLANG_WARN_OBJC_LITERAL_CONVERSION = YES;
				CLANG_WARN_OBJC_ROOT_CLASS = YES_ERROR;
				CLANG_WARN_QUOTED_INCLUDE_IN_FRAMEWORK_HEADER = YES;
				CLANG_WARN_RANGE_LOOP_ANALYSIS = YES;
				CLANG_WARN_STRICT_PROTOTYPES = YES;
				CLANG_WARN_SUSPICIOUS_MOVE = YES;
				CLANG_WARN_UNGUARDED_AVAILABILITY = YES_AGGRESSIVE;
				CLANG_WARN_UNREACHABLE_CODE = YES;
				CLANG_WARN__DUPLICATE_METHOD_MATCH = YES;
				COPY_PHASE_STRIP = NO;
				DEBUG_INFORMATION_FORMAT = "dwarf-with-dsym";
				ENABLE_NS_ASSERTIONS = NO;
				ENABLE_STRICT_OBJC_MSGSEND = YES;
				GCC_C_LANGUAGE_STANDARD = gnu11;
				GCC_NO_COMMON_BLOCKS = YES;
				GCC_WARN_64_TO_32_BIT_CONVERSION = YES;
				GCC_WARN_ABOUT_RETURN_TYPE = YES_ERROR;
				GCC_WARN_UNDECLARED_SELECTOR = YES;
				GCC_WARN_UNINITIALIZED_AUTOS = YES_AGGRESSIVE;
				GCC_WARN_UNUSED_FUNCTION = YES;
				GCC_WARN_UNUSED_VARIABLE = YES;
				IPHONEOS_DEPLOYMENT_TARGET = 14.0;
				MTL_ENABLE_DEBUG_INFO = NO;
				MTL_FAST_MATH = YES;
				SDKROOT = iphoneos;
				SWIFT_COMPILATION_MODE = wholemodule;
				SWIFT_OPTIMIZATION_LEVEL = "-O";
				VALIDATE_PRODUCT = YES;
			};
			name = Release;
		};
		9AFC00D0264AD78D00865E82 /* Debug */ = {
			isa = XCBuildConfiguration;
			buildSettings = {
				ASSETCATALOG_COMPILER_APPICON_NAME = AppIcon;
				ASSETCATALOG_COMPILER_GLOBAL_ACCENT_COLOR_NAME = AccentColor;
				CODE_SIGN_STYLE = Automatic;
				DEVELOPMENT_TEAM = 6UNZ2B532Y;
				INFOPLIST_FILE = NivaroApp/Info.plist;
				LD_RUNPATH_SEARCH_PATHS = (
					"$(inherited)",
					"@executable_path/Frameworks",
				);
				PRODUCT_BUNDLE_IDENTIFIER = au.com.nivaro.nivaroapp.NivaroApp;
				PRODUCT_NAME = "$(TARGET_NAME)";
				SWIFT_VERSION = 5.0;
				TARGETED_DEVICE_FAMILY = "1,2";
			};
			name = Debug;
		};
		9AFC00D1264AD78D00865E82 /* Release */ = {
			isa = XCBuildConfiguration;
			buildSettings = {
				ASSETCATALOG_COMPILER_APPICON_NAME = AppIcon;
				ASSETCATALOG_COMPILER_GLOBAL_ACCENT_COLOR_NAME = AccentColor;
				CODE_SIGN_STYLE = Automatic;
				DEVELOPMENT_TEAM = 6UNZ2B532Y;
				INFOPLIST_FILE = NivaroApp/Info.plist;
				LD_RUNPATH_SEARCH_PATHS = (
					"$(inherited)",
					"@executable_path/Frameworks",
				);
				PRODUCT_BUNDLE_IDENTIFIER = au.com.nivaro.nivaroapp.NivaroApp;
				PRODUCT_NAME = "$(TARGET_NAME)";
				SWIFT_VERSION = 5.0;
				TARGETED_DEVICE_FAMILY = "1,2";
			};
			name = Release;
		};
		9AFC00D3264AD78D00865E82 /* Debug */ = {
			isa = XCBuildConfiguration;
			buildSettings = {
				ALWAYS_EMBED_SWIFT_STANDARD_LIBRARIES = YES;
				BUNDLE_LOADER = "$(TEST_HOST)";
				CODE_SIGN_STYLE = Automatic;
				DEVELOPMENT_TEAM = 6UNZ2B532Y;
				INFOPLIST_FILE = NivaroAppTests/Info.plist;
				IPHONEOS_DEPLOYMENT_TARGET = 14.0;
				LD_RUNPATH_SEARCH_PATHS = (
					"$(inherited)",
					"@executable_path/Frameworks",
					"@loader_path/Frameworks",
				);
				PRODUCT_BUNDLE_IDENTIFIER = au.com.nivaro.nivaroapp.NivaroAppTests;
				PRODUCT_NAME = "$(TARGET_NAME)";
				SWIFT_VERSION = 5.0;
				TARGETED_DEVICE_FAMILY = "1,2";
				TEST_HOST = "$(BUILT_PRODUCTS_DIR)/NivaroApp.app/NivaroApp";
			};
			name = Debug;
		};
		9AFC00D4264AD78D00865E82 /* Release */ = {
			isa = XCBuildConfiguration;
			buildSettings = {
				ALWAYS_EMBED_SWIFT_STANDARD_LIBRARIES = YES;
				BUNDLE_LOADER = "$(TEST_HOST)";
				CODE_SIGN_STYLE = Automatic;
				DEVELOPMENT_TEAM = 6UNZ2B532Y;
				INFOPLIST_FILE = NivaroAppTests/Info.plist;
				IPHONEOS_DEPLOYMENT_TARGET = 14.0;
				LD_RUNPATH_SEARCH_PATHS = (
					"$(inherited)",
					"@executable_path/Frameworks",
					"@loader_path/Frameworks",
				);
				PRODUCT_BUNDLE_IDENTIFIER = au.com.nivaro.nivaroapp.NivaroAppTests;
				PRODUCT_NAME = "$(TARGET_NAME)";
				SWIFT_VERSION = 5.0;
				TARGETED_DEVICE_FAMILY = "1,2";
				TEST_HOST = "$(BUILT_PRODUCTS_DIR)/NivaroApp.app/NivaroApp";
			};
			name = Release;
		};
		9AFC00D6264AD78D00865E82 /* Debug */ = {
			isa = XCBuildConfiguration;
			buildSettings = {
				ALWAYS_EMBED_SWIFT_STANDARD_LIBRARIES = YES;
				CODE_SIGN_STYLE = Automatic;
				DEVELOPMENT_TEAM = 6UNZ2B532Y;
				INFOPLIST_FILE = NivaroAppUITests/Info.plist;
				LD_RUNPATH_SEARCH_PATHS = (
					"$(inherited)",
					"@executable_path/Frameworks",
					"@loader_path/Frameworks",
				);
				PRODUCT_BUNDLE_IDENTIFIER = au.com.nivaro.nivaroapp.NivaroAppUITests;
				PRODUCT_NAME = "$(TARGET_NAME)";
				SWIFT_VERSION = 5.0;
				TARGETED_DEVICE_FAMILY = "1,2";
				TEST_TARGET_NAME = NivaroApp;
			};
			name = Debug;
		};
		9AFC00D7264AD78D00865E82 /* Release */ = {
			isa = XCBuildConfiguration;
			buildSettings = {
				ALWAYS_EMBED_SWIFT_STANDARD_LIBRARIES = YES;
				CODE_SIGN_STYLE = Automatic;
				DEVELOPMENT_TEAM = 6UNZ2B532Y;
				INFOPLIST_FILE = NivaroAppUITests/Info.plist;
				LD_RUNPATH_SEARCH_PATHS = (
					"$(inherited)",
					"@executable_path/Frameworks",
					"@loader_path/Frameworks",
				);
				PRODUCT_BUNDLE_IDENTIFIER = au.com.nivaro.nivaroapp.NivaroAppUITests;
				PRODUCT_NAME = "$(TARGET_NAME)";
				SWIFT_VERSION = 5.0;
				TARGETED_DEVICE_FAMILY = "1,2";
				TEST_TARGET_NAME = NivaroApp;
			};
			name = Release;
		};
/* End XCBuildConfiguration section */

/* Begin XCConfigurationList section */
		9AFC009D264AD78A00865E82 /* Build configuration list for PBXProject "NivaroApp" */ = {
			isa = XCConfigurationList;
			buildConfigurations = (
				9AFC00CD264AD78D00865E82 /* Debug */,
				9AFC00CE264AD78D00865E82 /* Release */,
			);
			defaultConfigurationIsVisible = 0;
			defaultConfigurationName = Release;
		};
		9AFC00CF264AD78D00865E82 /* Build configuration list for PBXNativeTarget "NivaroApp" */ = {
			isa = XCConfigurationList;
			buildConfigurations = (
				9AFC00D0264AD78D00865E82 /* Debug */,
				9AFC00D1264AD78D00865E82 /* Release */,
			);
			defaultConfigurationIsVisible = 0;
			defaultConfigurationName = Release;
		};
		9AFC00D2264AD78D00865E82 /* Build configuration list for PBXNativeTarget "NivaroAppTests" */ = {
			isa = XCConfigurationList;
			buildConfigurations = (
				9AFC00D3264AD78D00865E82 /* Debug */,
				9AFC00D4264AD78D00865E82 /* Release */,
			);
			defaultConfigurationIsVisible = 0;
			defaultConfigurationName = Release;
		};
		9AFC00D5264AD78D00865E82 /* Build configuration list for PBXNativeTarget "NivaroAppUITests" */ = {
			isa = XCConfigurationList;
			buildConfigurations = (
				9AFC00D6264AD78D00865E82 /* Debug */,
				9AFC00D7264AD78D00865E82 /* Release */,
			);
			defaultConfigurationIsVisible = 0;
			defaultConfigurationName = Release;
		};
/* End XCConfigurationList section */

/* Begin XCVersionGroup section */
		9AFC00AE264AD78A00865E82 /* NivaroApp.xcdatamodeld */ = {
			isa = XCVersionGroup;
			children = (
				9AFC00AF264AD78A00865E82 /* NivaroApp.xcdatamodel */,
			);
			currentVersion = 9AFC00AF264AD78A00865E82 /* NivaroApp.xcdatamodel */;
			path = NivaroApp.xcdatamodeld;
			sourceTree = "<group>";
			versionGroupType = wrapper.xcdatamodel;
		};
/* End XCVersionGroup section */
	};
	rootObject = 9AFC009A264AD78A00865E82 /* Project object */;
}
